
Microsoft Visual Studio Solution File, Format Version 12.00
# Visual Studio Version 16
VisualStudioVersion = 16.0.31702.278
MinimumVisualStudioVersion = 10.0.40219.1
Project("{FAE04EC0-301F-11D3-BF4B-00C04F79EFBC}") = "gra_independ", "gra_independ\gra_independ.csproj", "{D0096B9C-BBD8-4AED-9622-080E6418629E}"
EndProject
Global
	GlobalSection(SolutionConfigurationPlatforms) = preSolution
		Debug|Any CPU = Debug|Any CPU
		Release|Any CPU = Release|Any CPU
	EndGlobalSection
	GlobalSection(ProjectConfigurationPlatforms) = postSolution
		{D0096B9C-BBD8-4AED-9622-080E6418629E}.Debug|Any CPU.ActiveCfg = Debug|Any CPU
		{D0096B9C-BBD8-4AED-9622-080E6418629E}.Debug|Any CPU.Build.0 = Debug|Any CPU
		{D0096B9C-BBD8-4AED-9622-080E6418629E}.Release|Any CPU.ActiveCfg = Release|Any CPU
		{D0096B9C-BBD8-4AED-9622-080E6418629E}.Release|Any CPU.Build.0 = Release|Any CPU
	EndGlobalSection
	GlobalSection(SolutionProperties) = preSolution
		HideSolutionNode = FALSE
	EndGlobalSection
	GlobalSection(ExtensibilityGlobals) = postSolution
		SolutionGuid = {75CD000A-F287-4465-91CF-845F8B22183D}
	EndGlobalSection
EndGlobal
